
Microsoft Visual Studio Solution File, Format Version 12.00
# Visual Studio 15
VisualStudioVersion = 15.0.27703.2000
MinimumVisualStudioVersion = 10.0.40219.1
Project("{FAE04EC0-301F-11D3-BF4B-00C04F79EFBC}") = "FoodsV2", "FoodsV2\FoodsV2.csproj", "{66C2A89B-E563-4F4A-A86E-8804A40D1B14}"
EndProject
Global
	GlobalSection(SolutionConfigurationPlatforms) = preSolution
		Debug|Any CPU = Debug|Any CPU
		Release|Any CPU = Release|Any CPU
	EndGlobalSection
	GlobalSection(ProjectConfigurationPlatforms) = postSolution
		{66C2A89B-E563-4F4A-A86E-8804A40D1B14}.Debug|Any CPU.ActiveCfg = Debug|Any CPU
		{66C2A89B-E563-4F4A-A86E-8804A40D1B14}.Debug|Any CPU.Build.0 = Debug|Any CPU
		{66C2A89B-E563-4F4A-A86E-8804A40D1B14}.Release|Any CPU.ActiveCfg = Release|Any CPU
		{66C2A89B-E563-4F4A-A86E-8804A40D1B14}.Release|Any CPU.Build.0 = Release|Any CPU
	EndGlobalSection
	GlobalSection(SolutionProperties) = preSolution
		HideSolutionNode = FALSE
	EndGlobalSection
	GlobalSection(ExtensibilityGlobals) = postSolution
		SolutionGuid = {35402247-79E4-4870-9079-F6A56D69393B}
	EndGlobalSection
EndGlobal
